{
  "version": "3",
  "packages": {
    "specifiers": {
      "jsr:@hono/hono@^4.4.7": "jsr:@hono/hono@4.4.7"
    },
    "jsr": {
      "@hono/hono@4.4.7": {
        "integrity": "069f612a089362e59786ea925d19fa834096fe92bf4f4b8dd572c508a3a708aa"
      }
    }
  },
  "remote": {},
  "workspace": {
    "dependencies": [
      "jsr:@hono/hono@^4.4.7"
    ]
  }
}
